
Microsoft Visual Studio Solution File, Format Version 12.00
# Visual Studio Version 17
VisualStudioVersion = 17.0.31903.59
MinimumVisualStudioVersion = 10.0.40219.1
Project("{FAE04EC0-301F-11D3-BF4B-00C04F79EFBC}") = "RPSLS", "RPSLS\RPSLS.csproj", "{852D60BB-BA0F-4D61-B02D-F5B670E8C02D}"
EndProject
Global
	GlobalSection(SolutionConfigurationPlatforms) = preSolution
		Debug|Any CPU = Debug|Any CPU
		Release|Any CPU = Release|Any CPU
	EndGlobalSection
	GlobalSection(ProjectConfigurationPlatforms) = postSolution
		{852D60BB-BA0F-4D61-B02D-F5B670E8C02D}.Debug|Any CPU.ActiveCfg = Debug|Any CPU
		{852D60BB-BA0F-4D61-B02D-F5B670E8C02D}.Debug|Any CPU.Build.0 = Debug|Any CPU
		{852D60BB-BA0F-4D61-B02D-F5B670E8C02D}.Release|Any CPU.ActiveCfg = Release|Any CPU
		{852D60BB-BA0F-4D61-B02D-F5B670E8C02D}.Release|Any CPU.Build.0 = Release|Any CPU
	EndGlobalSection
	GlobalSection(SolutionProperties) = preSolution
		HideSolutionNode = FALSE
	EndGlobalSection
	GlobalSection(ExtensibilityGlobals) = postSolution
		SolutionGuid = {4060C1A6-0000-439C-972B-9AA344EB5D1A}
	EndGlobalSection
EndGlobal
